
Microsoft Visual Studio Solution File, Format Version 12.00
# Visual Studio 15
VisualStudioVersion = 15.0.27004.2005
MinimumVisualStudioVersion = 10.0.40219.1
Project("{FAE04EC0-301F-11D3-BF4B-00C04F79EFBC}") = "MobileNumberFormatter", "PhoneNumberFormatter\MobileNumberFormatter.csproj", "{1DEBC0A4-60E6-4195-8F73-CD3AC42321D5}"
EndProject
Project("{FAE04EC0-301F-11D3-BF4B-00C04F79EFBC}") = "TestProject", "TestProject\TestProject.csproj", "{9F18037E-29A9-4A65-81B3-9E707D4CA93C}"
EndProject
Project("{FAE04EC0-301F-11D3-BF4B-00C04F79EFBC}") = "TestConsoleApp", "ConsoleApp1\TestConsoleApp.csproj", "{F8B3568C-151E-4C10-85D6-F4B1A01A5180}"
EndProject
Global
	GlobalSection(SolutionConfigurationPlatforms) = preSolution
		Debug|Any CPU = Debug|Any CPU
		Release|Any CPU = Release|Any CPU
	EndGlobalSection
	GlobalSection(ProjectConfigurationPlatforms) = postSolution
		{1DEBC0A4-60E6-4195-8F73-CD3AC42321D5}.Debug|Any CPU.ActiveCfg = Debug|Any CPU
		{1DEBC0A4-60E6-4195-8F73-CD3AC42321D5}.Debug|Any CPU.Build.0 = Debug|Any CPU
		{1DEBC0A4-60E6-4195-8F73-CD3AC42321D5}.Release|Any CPU.ActiveCfg = Release|Any CPU
		{1DEBC0A4-60E6-4195-8F73-CD3AC42321D5}.Release|Any CPU.Build.0 = Release|Any CPU
		{9F18037E-29A9-4A65-81B3-9E707D4CA93C}.Debug|Any CPU.ActiveCfg = Debug|Any CPU
		{9F18037E-29A9-4A65-81B3-9E707D4CA93C}.Debug|Any CPU.Build.0 = Debug|Any CPU
		{9F18037E-29A9-4A65-81B3-9E707D4CA93C}.Release|Any CPU.ActiveCfg = Release|Any CPU
		{9F18037E-29A9-4A65-81B3-9E707D4CA93C}.Release|Any CPU.Build.0 = Release|Any CPU
		{F8B3568C-151E-4C10-85D6-F4B1A01A5180}.Debug|Any CPU.ActiveCfg = Debug|Any CPU
		{F8B3568C-151E-4C10-85D6-F4B1A01A5180}.Debug|Any CPU.Build.0 = Debug|Any CPU
		{F8B3568C-151E-4C10-85D6-F4B1A01A5180}.Release|Any CPU.ActiveCfg = Release|Any CPU
		{F8B3568C-151E-4C10-85D6-F4B1A01A5180}.Release|Any CPU.Build.0 = Release|Any CPU
	EndGlobalSection
	GlobalSection(SolutionProperties) = preSolution
		HideSolutionNode = FALSE
	EndGlobalSection
	GlobalSection(ExtensibilityGlobals) = postSolution
		SolutionGuid = {1A401BF6-7266-4E99-943C-50C3F3B5377F}
	EndGlobalSection
EndGlobal
